
Microsoft Visual Studio Solution File, Format Version 12.00
# Visual Studio Version 16
VisualStudioVersion = 16.0.29613.14
MinimumVisualStudioVersion = 10.0.40219.1
Project("{FAE04EC0-301F-11D3-BF4B-00C04F79EFBC}") = "BoomBang", "BoomBang.csproj", "{938054C5-D522-4A63-A61A-5C6C5B7927CE}"
EndProject
Global
	GlobalSection(SolutionConfigurationPlatforms) = preSolution
		Debug|Any CPU = Debug|Any CPU
		Release|Any CPU = Release|Any CPU
	EndGlobalSection
	GlobalSection(ProjectConfigurationPlatforms) = postSolution
		{938054C5-D522-4A63-A61A-5C6C5B7927CE}.Debug|Any CPU.ActiveCfg = Debug|Any CPU
		{938054C5-D522-4A63-A61A-5C6C5B7927CE}.Debug|Any CPU.Build.0 = Debug|Any CPU
		{938054C5-D522-4A63-A61A-5C6C5B7927CE}.Release|Any CPU.ActiveCfg = Release|Any CPU
		{938054C5-D522-4A63-A61A-5C6C5B7927CE}.Release|Any CPU.Build.0 = Release|Any CPU
	EndGlobalSection
	GlobalSection(SolutionProperties) = preSolution
		HideSolutionNode = FALSE
	EndGlobalSection
	GlobalSection(ExtensibilityGlobals) = postSolution
		SolutionGuid = {B07805A8-D1D6-47B0-A7CC-850B55258E6B}
	EndGlobalSection
EndGlobal
